
Microsoft Visual Studio Solution File, Format Version 12.00
# Visual Studio Version 17
VisualStudioVersion = 17.12.35527.113
MinimumVisualStudioVersion = 10.0.40219.1
Project("{FAE04EC0-301F-11D3-BF4B-00C04F79EFBC}") = "Software-Ar.Core", "Software-Ar.Domain\Software-Ar.Core.csproj", "{44ABC088-4442-4210-8945-A0AE1AC4EC86}"
EndProject
Project("{2150E333-8FDC-42A3-9474-1A3956D46DE8}") = "Endpoints", "Endpoints", "{513E2D73-A195-4C23-B6D3-25CEECA9B9FE}"
EndProject
Project("{FAE04EC0-301F-11D3-BF4B-00C04F79EFBC}") = "Software-Ar1", "Software-Ar1\Software-Ar1.csproj", "{C89EDA5A-90B0-4CC7-8E50-F67D14704CB7}"
EndProject
Project("{FAE04EC0-301F-11D3-BF4B-00C04F79EFBC}") = "Software-Ar.Application", "Software-Ar.Application\Software-Ar.Application.csproj", "{E2A75B4C-2017-489B-A3EC-7DFC7E094061}"
EndProject
Project("{FAE04EC0-301F-11D3-BF4B-00C04F79EFBC}") = "Software-Ar.Infrastructure", "Software-Ar.Infrastructure\Software-Ar.Infrastructure.csproj", "{48B092B4-8ADD-4F5A-9611-739D726B31FA}"
	ProjectSection(ProjectDependencies) = postProject
		{44ABC088-4442-4210-8945-A0AE1AC4EC86} = {44ABC088-4442-4210-8945-A0AE1AC4EC86}
		{E2A75B4C-2017-489B-A3EC-7DFC7E094061} = {E2A75B4C-2017-489B-A3EC-7DFC7E094061}
	EndProjectSection
EndProject
Global
	GlobalSection(SolutionConfigurationPlatforms) = preSolution
		Debug|Any CPU = Debug|Any CPU
		Release|Any CPU = Release|Any CPU
	EndGlobalSection
	GlobalSection(ProjectConfigurationPlatforms) = postSolution
		{44ABC088-4442-4210-8945-A0AE1AC4EC86}.Debug|Any CPU.ActiveCfg = Debug|Any CPU
		{44ABC088-4442-4210-8945-A0AE1AC4EC86}.Debug|Any CPU.Build.0 = Debug|Any CPU
		{44ABC088-4442-4210-8945-A0AE1AC4EC86}.Release|Any CPU.ActiveCfg = Release|Any CPU
		{44ABC088-4442-4210-8945-A0AE1AC4EC86}.Release|Any CPU.Build.0 = Release|Any CPU
		{C89EDA5A-90B0-4CC7-8E50-F67D14704CB7}.Debug|Any CPU.ActiveCfg = Debug|Any CPU
		{C89EDA5A-90B0-4CC7-8E50-F67D14704CB7}.Debug|Any CPU.Build.0 = Debug|Any CPU
		{C89EDA5A-90B0-4CC7-8E50-F67D14704CB7}.Release|Any CPU.ActiveCfg = Release|Any CPU
		{C89EDA5A-90B0-4CC7-8E50-F67D14704CB7}.Release|Any CPU.Build.0 = Release|Any CPU
		{E2A75B4C-2017-489B-A3EC-7DFC7E094061}.Debug|Any CPU.ActiveCfg = Debug|Any CPU
		{E2A75B4C-2017-489B-A3EC-7DFC7E094061}.Debug|Any CPU.Build.0 = Debug|Any CPU
		{E2A75B4C-2017-489B-A3EC-7DFC7E094061}.Release|Any CPU.ActiveCfg = Release|Any CPU
		{E2A75B4C-2017-489B-A3EC-7DFC7E094061}.Release|Any CPU.Build.0 = Release|Any CPU
		{48B092B4-8ADD-4F5A-9611-739D726B31FA}.Debug|Any CPU.ActiveCfg = Debug|Any CPU
		{48B092B4-8ADD-4F5A-9611-739D726B31FA}.Debug|Any CPU.Build.0 = Debug|Any CPU
		{48B092B4-8ADD-4F5A-9611-739D726B31FA}.Release|Any CPU.ActiveCfg = Release|Any CPU
		{48B092B4-8ADD-4F5A-9611-739D726B31FA}.Release|Any CPU.Build.0 = Release|Any CPU
	EndGlobalSection
	GlobalSection(SolutionProperties) = preSolution
		HideSolutionNode = FALSE
	EndGlobalSection
	GlobalSection(NestedProjects) = preSolution
		{C89EDA5A-90B0-4CC7-8E50-F67D14704CB7} = {513E2D73-A195-4C23-B6D3-25CEECA9B9FE}
	EndGlobalSection
EndGlobal
